
Microsoft Visual Studio Solution File, Format Version 12.00
Project("{FAE04EC0-301F-11D3-BF4B-00C04F79EFBC}") = "Data", "Data\Data.csproj", "{165993C0-9315-4C2A-B48A-CC4B749DCA76}"
EndProject
Project("{FAE04EC0-301F-11D3-BF4B-00C04F79EFBC}") = "Business", "Business\Business.csproj", "{4F0173FD-B219-4451-AEE3-88D8E6E49310}"
EndProject
Global
	GlobalSection(SolutionConfigurationPlatforms) = preSolution
		Debug|Any CPU = Debug|Any CPU
		Release|Any CPU = Release|Any CPU
	EndGlobalSection
	GlobalSection(ProjectConfigurationPlatforms) = postSolution
		{165993C0-9315-4C2A-B48A-CC4B749DCA76}.Debug|Any CPU.ActiveCfg = Debug|Any CPU
		{165993C0-9315-4C2A-B48A-CC4B749DCA76}.Debug|Any CPU.Build.0 = Debug|Any CPU
		{165993C0-9315-4C2A-B48A-CC4B749DCA76}.Release|Any CPU.ActiveCfg = Release|Any CPU
		{165993C0-9315-4C2A-B48A-CC4B749DCA76}.Release|Any CPU.Build.0 = Release|Any CPU
		{4F0173FD-B219-4451-AEE3-88D8E6E49310}.Debug|Any CPU.ActiveCfg = Debug|Any CPU
		{4F0173FD-B219-4451-AEE3-88D8E6E49310}.Debug|Any CPU.Build.0 = Debug|Any CPU
		{4F0173FD-B219-4451-AEE3-88D8E6E49310}.Release|Any CPU.ActiveCfg = Release|Any CPU
		{4F0173FD-B219-4451-AEE3-88D8E6E49310}.Release|Any CPU.Build.0 = Release|Any CPU
	EndGlobalSection
EndGlobal
