
Microsoft Visual Studio Solution File, Format Version 12.00
Project("{FAE04EC0-301F-11D3-BF4B-00C04F79EFBC}") = "Data", "Data\Data.csproj", "{713F7599-A3B3-4035-B925-0B665B166966}"
EndProject
Project("{FAE04EC0-301F-11D3-BF4B-00C04F79EFBC}") = "Business", "Business\Business.csproj", "{138120FB-7587-4177-B0BE-2FE7885F7D0E}"
EndProject
Global
	GlobalSection(SolutionConfigurationPlatforms) = preSolution
		Debug|Any CPU = Debug|Any CPU
		Release|Any CPU = Release|Any CPU
	EndGlobalSection
	GlobalSection(ProjectConfigurationPlatforms) = postSolution
		{713F7599-A3B3-4035-B925-0B665B166966}.Debug|Any CPU.ActiveCfg = Debug|Any CPU
		{713F7599-A3B3-4035-B925-0B665B166966}.Debug|Any CPU.Build.0 = Debug|Any CPU
		{713F7599-A3B3-4035-B925-0B665B166966}.Release|Any CPU.ActiveCfg = Release|Any CPU
		{713F7599-A3B3-4035-B925-0B665B166966}.Release|Any CPU.Build.0 = Release|Any CPU
		{138120FB-7587-4177-B0BE-2FE7885F7D0E}.Debug|Any CPU.ActiveCfg = Debug|Any CPU
		{138120FB-7587-4177-B0BE-2FE7885F7D0E}.Debug|Any CPU.Build.0 = Debug|Any CPU
		{138120FB-7587-4177-B0BE-2FE7885F7D0E}.Release|Any CPU.ActiveCfg = Release|Any CPU
		{138120FB-7587-4177-B0BE-2FE7885F7D0E}.Release|Any CPU.Build.0 = Release|Any CPU
	EndGlobalSection
EndGlobal
